
Microsoft Visual Studio Solution File, Format Version 12.00
# Visual Studio 14
VisualStudioVersion = 14.0.25420.1
MinimumVisualStudioVersion = 10.0.40219.1
Project("{FAE04EC0-301F-11D3-BF4B-00C04F79EFBC}") = "LINQ", "LINQ\LINQ.csproj", "{CF1B6321-84D1-4574-86A3-1A6DD0866521}"
EndProject
Global
	GlobalSection(SolutionConfigurationPlatforms) = preSolution
		Debug|Any CPU = Debug|Any CPU
		Release|Any CPU = Release|Any CPU
	EndGlobalSection
	GlobalSection(ProjectConfigurationPlatforms) = postSolution
		{CF1B6321-84D1-4574-86A3-1A6DD0866521}.Debug|Any CPU.ActiveCfg = Debug|Any CPU
		{CF1B6321-84D1-4574-86A3-1A6DD0866521}.Debug|Any CPU.Build.0 = Debug|Any CPU
		{CF1B6321-84D1-4574-86A3-1A6DD0866521}.Release|Any CPU.ActiveCfg = Release|Any CPU
		{CF1B6321-84D1-4574-86A3-1A6DD0866521}.Release|Any CPU.Build.0 = Release|Any CPU
	EndGlobalSection
	GlobalSection(SolutionProperties) = preSolution
		HideSolutionNode = FALSE
	EndGlobalSection
EndGlobal
